
Microsoft Visual Studio Solution File, Format Version 12.00
# Visual Studio Version 17
VisualStudioVersion = 17.11.35312.102
MinimumVisualStudioVersion = 10.0.40219.1
Project("{FAE04EC0-301F-11D3-BF4B-00C04F79EFBC}") = "TDDAssessment1", "TDDAssessment1\TDDAssessment1.csproj", "{C382C07E-1013-46CD-99F0-F3362D86471A}"
EndProject
Global
	GlobalSection(SolutionConfigurationPlatforms) = preSolution
		Debug|Any CPU = Debug|Any CPU
		Release|Any CPU = Release|Any CPU
	EndGlobalSection
	GlobalSection(ProjectConfigurationPlatforms) = postSolution
		{C382C07E-1013-46CD-99F0-F3362D86471A}.Debug|Any CPU.ActiveCfg = Debug|Any CPU
		{C382C07E-1013-46CD-99F0-F3362D86471A}.Debug|Any CPU.Build.0 = Debug|Any CPU
		{C382C07E-1013-46CD-99F0-F3362D86471A}.Release|Any CPU.ActiveCfg = Release|Any CPU
		{C382C07E-1013-46CD-99F0-F3362D86471A}.Release|Any CPU.Build.0 = Release|Any CPU
	EndGlobalSection
	GlobalSection(SolutionProperties) = preSolution
		HideSolutionNode = FALSE
	EndGlobalSection
	GlobalSection(ExtensibilityGlobals) = postSolution
		SolutionGuid = {36E7B432-D35F-4816-BB76-FAED99BBFF3B}
	EndGlobalSection
EndGlobal
